name: Blok
description: Zakładka Blok. Układ (layout) bloku.
type: block

form:
  fields:
    block_container:
      type: container.set
      id: g-settings-block-attributes

      fields:
        id:
          type: input.text
          label: CSS ID
          description: 'Wprowadź ID bloku bez hasha (#) np. <code>your-id</code>. Możesz wtedy odwołać się do elementu poprzez CSS jako <code>#your-id</code>.'
          default:

        class:
          type: input.selectize
          label: Klasy CSS
          description: Wprowadź nazwy klas CSS.
          default:

        variations:
          type: input.block-variations
          label: Zestawy kodów
          description: Wstaw gotowe kody dostępne w szablonie
          default:

        extra:
          type: collection.keyvalue
          label: Atrybuty tagów
          description: Dodatkowe atrybuty tagów.
          key_placeholder: 'Key (data-*, style, ...)'
          value_placeholder: Wartość
          exclude: ['id', 'class']

        _inherit:
          type: gantry.inherit

    size_container:
      type: container.set
      id: g-settings-block-size

      fields:
        fixed:
          type: input.checkbox
          label: Stała wielkość
          description: Spraw, aby rozmiar bloku był stały. Jeśli jest zaznaczone, ten blok będzie zawsze zajmował taką samą ilość miejsca.

        size:
          type: input.text
          label: Wielkość bloku
          description: 'Wielkość bloku w procentach (5-100).'
          class: 'custom-validation-field'
          formnovalidate: true
          pattern: '^([5-9]|[1-9][0-9]|8.3|9.1|11.1|12.5|14.3|16.7|33.3|100)$'
          min: 5
          max: 100
          append:
            type: "text"
            text: "%"

        _note:
          type: separator.note
          class: alert alert-warning center blocksize-note
          content: '<em>Rozmiar bloku</em> można ustawić tylko <span class="blocksize-range">między <strong>#min#</strong>% oraz <strong>#max#</strong>%</span><span class="blocksize-fixed"> do <strong>#max#</strong>%</span>'
