name: Blok
description: Zakładka Blok w menu blokowym z Modułami-G5. Układ (Layout) bloku.
type: block

form:
  fields:
    class:
      type: input.selectize
      label: Klasy CSS
      description: Wprowadź nazwy klas CSS.

    extra:
      type: collection.keyvalue
      label: Atrybuty tagów
      description: Dodatkowe atrybuty tagów.
      key_placeholder: 'Key (data-*, style, ...)'
      value_placeholder: Wartość
      exclude: ['id', 'class']
